lockfileVersion: '9.0'

settings:
  autoInstallPeers: true
  excludeLinksFromLockfile: false

importers:

  .:
    dependencies:
      '@babel/generator':
        specifier: ^7.26.5
        version: 7.26.5
      '@babel/parser':
        specifier: ^7.26.7
        version: 7.26.7
      '@babel/traverse':
        specifier: ^7.26.7
        version: 7.26.7
      '@babel/types':
        specifier: ^7.26.7
        version: 7.26.7

packages:

  '@babel/code-frame@7.26.2':
    resolution: {integrity: sha512-RJlIHRueQgwWitWgF8OdFYGZX328Ax5BCemNGlqHfplnRT9ESi8JkFlvaVYbS+UubVY6dpv87Fs2u5M29iNFVQ==}
    engines: {node: '>=6.9.0'}

  '@babel/generator@7.26.5':
    resolution: {integrity: sha512-2caSP6fN9I7HOe6nqhtft7V4g7/V/gfDsC3Ag4W7kEzzvRGKqiv0pu0HogPiZ3KaVSoNDhUws6IJjDjpfmYIXw==}
    engines: {node: '>=6.9.0'}

  '@babel/helper-string-parser@7.25.9':
    resolution: {integrity: sha512-4A/SCr/2KLd5jrtOMFzaKjVtAei3+2r/NChoBNoZ3EyP/+GlhoaEGoWOZUmFmoITP7zOJyHIMm+DYRd8o3PvHA==}
    engines: {node: '>=6.9.0'}

  '@babel/helper-validator-identifier@7.25.9':
    resolution: {integrity: sha512-Ed61U6XJc3CVRfkERJWDz4dJwKe7iLmmJsbOGu9wSloNSFttHV0I8g6UAgb7qnK5ly5bGLPd4oXZlxCdANBOWQ==}
    engines: {node: '>=6.9.0'}

  '@babel/parser@7.26.7':
    resolution: {integrity: sha512-kEvgGGgEjRUutvdVvZhbn/BxVt+5VSpwXz1j3WYXQbXDo8KzFOPNG2GQbdAiNq8g6wn1yKk7C/qrke03a84V+w==}
    engines: {node: '>=6.0.0'}
    hasBin: true

  '@babel/template@7.25.9':
    resolution: {integrity: sha512-9DGttpmPvIxBb/2uwpVo3dqJ+O6RooAFOS+lB+xDqoE2PVCE8nfoHMdZLpfCQRLwvohzXISPZcgxt80xLfsuwg==}
    engines: {node: '>=6.9.0'}

  '@babel/traverse@7.26.7':
    resolution: {integrity: sha512-1x1sgeyRLC3r5fQOM0/xtQKsYjyxmFjaOrLJNtZ81inNjyJHGIolTULPiSc/2qe1/qfpFLisLQYFnnZl7QoedA==}
    engines: {node: '>=6.9.0'}

  '@babel/types@7.26.7':
    resolution: {integrity: sha512-t8kDRGrKXyp6+tjUh7hw2RLyclsW4TRoRvRHtSyAX9Bb5ldlFh+90YAYY6awRXrlB4G5G2izNeGySpATlFzmOg==}
    engines: {node: '>=6.9.0'}

  '@jridgewell/gen-mapping@0.3.8':
    resolution: {integrity: sha512-imAbBGkb+ebQyxKgzv5Hu2nmROxoDOXHh80evxdoXNOrvAnVx7zimzc1Oo5h9RlfV4vPXaE2iM5pOFbvOCClWA==}
    engines: {node: '>=6.0.0'}

  '@jridgewell/resolve-uri@3.1.2':
    resolution: {integrity: sha512-bRISgCIjP20/tbWSPWMEi54QVPRZExkuD9lJL+UIxUKtwVJA8wW1Trb1jMs1RFXo1CBTNZ/5hpC9QvmKWdopKw==}
    engines: {node: '>=6.0.0'}

  '@jridgewell/set-array@1.2.1':
    resolution: {integrity: sha512-R8gLRTZeyp03ymzP/6Lil/28tGeGEzhx1q2k703KGWRAI1VdvPIXdG70VJc2pAMw3NA6JKL5hhFu1sJX0Mnn/A==}
    engines: {node: '>=6.0.0'}

  '@jridgewell/sourcemap-codec@1.5.0':
    resolution: {integrity: sha512-gv3ZRaISU3fjPAgNsriBRqGWQL6quFx04YMPW/zD8XMLsU32mhCCbfbO6KZFLjvYpCZ8zyDEgqsgf+PwPaM7GQ==}

  '@jridgewell/trace-mapping@0.3.25':
    resolution: {integrity: sha512-vNk6aEwybGtawWmy/PzwnGDOjCkLWSD2wqvjGGAgOAwCGWySYXfYoxt00IJkTF+8Lb57DwOb3Aa0o9CApepiYQ==}

  debug@4.4.0:
    resolution: {integrity: sha512-6WTZ/IxCY/T6BALoZHaE4ctp9xm+Z5kY/pzYaCHRFeyVhojxlrm+46y68HA6hr0TcwEssoxNiDEUJQjfPZ/RYA==}
    engines: {node: '>=6.0'}
    peerDependencies:
      supports-color: '*'
    peerDependenciesMeta:
      supports-color:
        optional: true

  globals@11.12.0:
    resolution: {integrity: sha512-WOBp/EEGUiIsJSp7wcv/y6MO+lV9UoncWqxuFfm8eBwzWNgyfBd6Gz+IeKQ9jCmyhoH99g15M3T+QaVHFjizVA==}
    engines: {node: '>=4'}

  js-tokens@4.0.0:
    resolution: {integrity: sha512-RdJUflcE3cUzKiMqQgsCu06FPu9UdIJO0beYbPhHN4k6apgJtifcoCtT9bcxOpYBtpD2kCM6Sbzg4CausW/PKQ==}

  jsesc@3.1.0:
    resolution: {integrity: sha512-/sM3dO2FOzXjKQhJuo0Q173wf2KOo8t4I8vHy6lF9poUp7bKT0/NHE8fPX23PwfhnykfqnC2xRxOnVw5XuGIaA==}
    engines: {node: '>=6'}
    hasBin: true

  ms@2.1.3:
    resolution: {integrity: sha512-6FlzubTLZG3J2a/NVCAleEhjzq5oxgHyaCU9yYXvcLsvoVaHJq/s5xXI6/XXP6tz7R9xAOtHnSO/tXtF3WRTlA==}

  picocolors@1.1.1:
    resolution: {integrity: sha512-xceH2snhtb5M9liqDsmEw56le376mTZkEX/jEb/RxNFyegNul7eNslCXP9FDj/Lcu0X8KEyMceP2ntpaHrDEVA==}

snapshots:

  '@babel/code-frame@7.26.2':
    dependencies:
      '@babel/helper-validator-identifier': 7.25.9
      js-tokens: 4.0.0
      picocolors: 1.1.1

  '@babel/generator@7.26.5':
    dependencies:
      '@babel/parser': 7.26.7
      '@babel/types': 7.26.7
      '@jridgewell/gen-mapping': 0.3.8
      '@jridgewell/trace-mapping': 0.3.25
      jsesc: 3.1.0

  '@babel/helper-string-parser@7.25.9': {}

  '@babel/helper-validator-identifier@7.25.9': {}

  '@babel/parser@7.26.7':
    dependencies:
      '@babel/types': 7.26.7

  '@babel/template@7.25.9':
    dependencies:
      '@babel/code-frame': 7.26.2
      '@babel/parser': 7.26.7
      '@babel/types': 7.26.7

  '@babel/traverse@7.26.7':
    dependencies:
      '@babel/code-frame': 7.26.2
      '@babel/generator': 7.26.5
      '@babel/parser': 7.26.7
      '@babel/template': 7.25.9
      '@babel/types': 7.26.7
      debug: 4.4.0
      globals: 11.12.0
    transitivePeerDependencies:
      - supports-color

  '@babel/types@7.26.7':
    dependencies:
      '@babel/helper-string-parser': 7.25.9
      '@babel/helper-validator-identifier': 7.25.9

  '@jridgewell/gen-mapping@0.3.8':
    dependencies:
      '@jridgewell/set-array': 1.2.1
      '@jridgewell/sourcemap-codec': 1.5.0
      '@jridgewell/trace-mapping': 0.3.25

  '@jridgewell/resolve-uri@3.1.2': {}

  '@jridgewell/set-array@1.2.1': {}

  '@jridgewell/sourcemap-codec@1.5.0': {}

  '@jridgewell/trace-mapping@0.3.25':
    dependencies:
      '@jridgewell/resolve-uri': 3.1.2
      '@jridgewell/sourcemap-codec': 1.5.0

  debug@4.4.0:
    dependencies:
      ms: 2.1.3

  globals@11.12.0: {}

  js-tokens@4.0.0: {}

  jsesc@3.1.0: {}

  ms@2.1.3: {}

  picocolors@1.1.1: {}
