{
  "name": "Android",
  "lockfileVersion": 3,
  "requires": true,
  "packages": {
    "": {
      "dependencies": {
        "@types/frida-gum": "^18.7.2"
      }
    },
    "node_modules/@types/frida-gum": {
      "version": "18.7.2",
      "resolved": "https://registry.npmjs.org/@types/frida-gum/-/frida-gum-18.7.2.tgz",
      "integrity": "sha512-nOxTk8n45nQlFQhSSXcnePrzjw6k6JMJMESZ8HlHhUiIQqvGI4RYa69FYdUbGoBRnITn8srEq5vn0dkVwO/ezQ==",
      "license": "MIT"
    }
  }
}
